
Microsoft Visual Studio Solution File, Format Version 12.00
# Visual Studio 15
VisualStudioVersion = 15.0.26430.14
MinimumVisualStudioVersion = 10.0.40219.1
Project("{9A19103F-16F7-4668-BE54-9A1E7A4F7556}") = "PrintManagerSwitchDiNetCoreExample.WebUi", "PrintManagerSwitchDiNetCoreExample.WebUi\PrintManagerSwitchDiNetCoreExample.WebUi.csproj", "{FED8E1F7-8280-47DD-A508-A7D4832F7F4E}"
EndProject
Project("{FAE04EC0-301F-11D3-BF4B-00C04F79EFBC}") = "PrintManagerSwitchDiNetCoreExample.Busnss", "PrintManagerSwitchDiNetCoreExample.Busnss\PrintManagerSwitchDiNetCoreExample.Busnss.csproj", "{3968D70B-C8F5-4E74-BD59-E48479982582}"
EndProject
Global
	GlobalSection(SolutionConfigurationPlatforms) = preSolution
		Debug|Any CPU = Debug|Any CPU
		Release|Any CPU = Release|Any CPU
	EndGlobalSection
	GlobalSection(ProjectConfigurationPlatforms) = postSolution
		{FED8E1F7-8280-47DD-A508-A7D4832F7F4E}.Debug|Any CPU.ActiveCfg = Debug|Any CPU
		{FED8E1F7-8280-47DD-A508-A7D4832F7F4E}.Debug|Any CPU.Build.0 = Debug|Any CPU
		{FED8E1F7-8280-47DD-A508-A7D4832F7F4E}.Release|Any CPU.ActiveCfg = Release|Any CPU
		{FED8E1F7-8280-47DD-A508-A7D4832F7F4E}.Release|Any CPU.Build.0 = Release|Any CPU
		{3968D70B-C8F5-4E74-BD59-E48479982582}.Debug|Any CPU.ActiveCfg = Debug|Any CPU
		{3968D70B-C8F5-4E74-BD59-E48479982582}.Debug|Any CPU.Build.0 = Debug|Any CPU
		{3968D70B-C8F5-4E74-BD59-E48479982582}.Release|Any CPU.ActiveCfg = Release|Any CPU
		{3968D70B-C8F5-4E74-BD59-E48479982582}.Release|Any CPU.Build.0 = Release|Any CPU
	EndGlobalSection
	GlobalSection(SolutionProperties) = preSolution
		HideSolutionNode = FALSE
	EndGlobalSection
EndGlobal
